
Microsoft Visual Studio Solution File, Format Version 12.00
# Visual Studio Version 16
VisualStudioVersion = 16.0.31515.178
MinimumVisualStudioVersion = 10.0.40219.1
Project("{FAE04EC0-301F-11D3-BF4B-00C04F79EFBC}") = "asyncPost", "asyncPost\asyncPost.csproj", "{D4DAA9AC-6339-48B4-A7E5-6E0BB3D1101E}"
EndProject
Global
	GlobalSection(SolutionConfigurationPlatforms) = preSolution
		Debug|Any CPU = Debug|Any CPU
		Release|Any CPU = Release|Any CPU
	EndGlobalSection
	GlobalSection(ProjectConfigurationPlatforms) = postSolution
		{D4DAA9AC-6339-48B4-A7E5-6E0BB3D1101E}.Debug|Any CPU.ActiveCfg = Debug|Any CPU
		{D4DAA9AC-6339-48B4-A7E5-6E0BB3D1101E}.Debug|Any CPU.Build.0 = Debug|Any CPU
		{D4DAA9AC-6339-48B4-A7E5-6E0BB3D1101E}.Release|Any CPU.ActiveCfg = Release|Any CPU
		{D4DAA9AC-6339-48B4-A7E5-6E0BB3D1101E}.Release|Any CPU.Build.0 = Release|Any CPU
	EndGlobalSection
	GlobalSection(SolutionProperties) = preSolution
		HideSolutionNode = FALSE
	EndGlobalSection
	GlobalSection(ExtensibilityGlobals) = postSolution
		SolutionGuid = {21141328-D657-49A8-B6BD-A49B2051ACB0}
	EndGlobalSection
EndGlobal
